
Microsoft Visual Studio Solution File, Format Version 12.00
# Visual Studio Version 16
VisualStudioVersion = 16.0.30204.135
MinimumVisualStudioVersion = 10.0.40219.1
Project("{FAE04EC0-301F-11D3-BF4B-00C04F79EFBC}") = "Demo", "Demo\Demo.csproj", "{08B0922B-6D55-4C4A-A0ED-42C552914579}"
EndProject
Global
	GlobalSection(SolutionConfigurationPlatforms) = preSolution
		Debug|Any CPU = Debug|Any CPU
		Release|Any CPU = Release|Any CPU
	EndGlobalSection
	GlobalSection(ProjectConfigurationPlatforms) = postSolution
		{08B0922B-6D55-4C4A-A0ED-42C552914579}.Debug|Any CPU.ActiveCfg = Debug|Any CPU
		{08B0922B-6D55-4C4A-A0ED-42C552914579}.Debug|Any CPU.Build.0 = Debug|Any CPU
		{08B0922B-6D55-4C4A-A0ED-42C552914579}.Release|Any CPU.ActiveCfg = Release|Any CPU
		{08B0922B-6D55-4C4A-A0ED-42C552914579}.Release|Any CPU.Build.0 = Release|Any CPU
	EndGlobalSection
	GlobalSection(SolutionProperties) = preSolution
		HideSolutionNode = FALSE
	EndGlobalSection
	GlobalSection(ExtensibilityGlobals) = postSolution
		SolutionGuid = {40BABD56-DCB8-4AA2-927D-F9452D62516E}
	EndGlobalSection
EndGlobal
